
Microsoft Visual Studio Solution File, Format Version 12.00
# Visual Studio Version 16
VisualStudioVersion = 16.0.31402.337
MinimumVisualStudioVersion = 10.0.40219.1
Project("{FAE04EC0-301F-11D3-BF4B-00C04F79EFBC}") = "Zoekmachine", "Zoekmachine\Zoekmachine.csproj", "{13385B3D-89EA-42FE-89AA-C8DC2913FB39}"
EndProject
Global
	GlobalSection(SolutionConfigurationPlatforms) = preSolution
		Debug|Any CPU = Debug|Any CPU
		Release|Any CPU = Release|Any CPU
	EndGlobalSection
	GlobalSection(ProjectConfigurationPlatforms) = postSolution
		{13385B3D-89EA-42FE-89AA-C8DC2913FB39}.Debug|Any CPU.ActiveCfg = Debug|Any CPU
		{13385B3D-89EA-42FE-89AA-C8DC2913FB39}.Debug|Any CPU.Build.0 = Debug|Any CPU
		{13385B3D-89EA-42FE-89AA-C8DC2913FB39}.Release|Any CPU.ActiveCfg = Release|Any CPU
		{13385B3D-89EA-42FE-89AA-C8DC2913FB39}.Release|Any CPU.Build.0 = Release|Any CPU
	EndGlobalSection
	GlobalSection(SolutionProperties) = preSolution
		HideSolutionNode = FALSE
	EndGlobalSection
	GlobalSection(ExtensibilityGlobals) = postSolution
		SolutionGuid = {D5E87298-C299-41FB-A3E8-1C30702C027C}
	EndGlobalSection
EndGlobal
